// !$*UTF8*$!
{
	archiveVersion = 1;
	classes = {
	};
	objectVersion = 46;
	objects = {

/* Begin PBXBuildFile section */
		C17353F816B7235A0019919D /* UIKit.framework in Frameworks */ = {isa = PBXBuildFile; fileRef = C17353F716B7235A0019919D /* UIKit.framework */; };
		C17353FA16B7235A0019919D /* Foundation.framework in Frameworks */ = {isa = PBXBuildFile; fileRef = C17353F916B7235A0019919D /* Foundation.framework */; };
		C17353FC16B7235A0019919D /* CoreGraphics.framework in Frameworks */ = {isa = PBXBuildFile; fileRef = C17353FB16B7235A0019919D /* CoreGraphics.framework */; };
		C173540216B7235A0019919D /* InfoPlist.strings in Resources */ = {isa = PBXBuildFile; fileRef = C173540016B7235A0019919D /* InfoPlist.strings */; };
		C173540416B7235A0019919D /* main.m in Sources */ = {isa = PBXBuildFile; fileRef = C173540316B7235A0019919D /* main.m */; };
		C173540816B7235A0019919D /* CardGameAppDelegate.m in Sources */ = {isa = PBXBuildFile; fileRef = C173540716B7235A0019919D /* CardGameAppDelegate.m */; };
		C173540A16B7235A0019919D /* Default.png in Resources */ = {isa = PBXBuildFile; fileRef = C173540916B7235A0019919D /* Default.png */; };
		C173540C16B7235A0019919D /* Default@2x.png in Resources */ = {isa = PBXBuildFile; fileRef = C173540B16B7235A0019919D /* Default@2x.png */; };
		C173540E16B7235A0019919D /* Default-568h@2x.png in Resources */ = {isa = PBXBuildFile; fileRef = C173540D16B7235A0019919D /* Default-568h@2x.png */; };
		C173541116B7235A0019919D /* MainStoryboard.storyboard in Resources */ = {isa = PBXBuildFile; fileRef = C173540F16B7235A0019919D /* MainStoryboard.storyboard */; };
		C173541416B7235A0019919D /* CardGameViewController.m in Sources */ = {isa = PBXBuildFile; fileRef = C173541316B7235A0019919D /* CardGameViewController.m */; };
		C173545616B7490F0019919D /* Card.m in Sources */ = {isa = PBXBuildFile; fileRef = C173545516B7490F0019919D /* Card.m */; };
		C173545A16B749F90019919D /* Deck.m in Sources */ = {isa = PBXBuildFile; fileRef = C173545916B749F90019919D /* Deck.m */; };
		C173545F16B75AC80019919D /* PlayingCard.m in Sources */ = {isa = PBXBuildFile; fileRef = C173545E16B75AC80019919D /* PlayingCard.m */; };
		C173546216B75B5A0019919D /* PlayingCardDeck.m in Sources */ = {isa = PBXBuildFile; fileRef = C173546116B75B5A0019919D /* PlayingCardDeck.m */; };
		C1ECEB7E16BA162D00D1615A /* CardMatchingGame.m in Sources */ = {isa = PBXBuildFile; fileRef = C1ECEB7D16BA162D00D1615A /* CardMatchingGame.m */; };
		C1ECEB9416BB5D5200D1615A /* back-blue-75-2.png in Resources */ = {isa = PBXBuildFile; fileRef = C1ECEB8E16BB5D5200D1615A /* back-blue-75-2.png */; };
		C1ECEB9716BB5D5200D1615A /* back-red-75-2.png in Resources */ = {isa = PBXBuildFile; fileRef = C1ECEB9116BB5D5200D1615A /* back-red-75-2.png */; };
		C1ECEB9B16BC81D500D1615A /* MatchStatus.m in Sources */ = {isa = PBXBuildFile; fileRef = C1ECEB9A16BC81D500D1615A /* MatchStatus.m */; };
/* End PBXBuildFile section */

/* Begin PBXFileReference section */
		C17353F316B7235A0019919D /* Matchismo.app */ = {isa = PBXFileReference; explicitFileType = wrapper.application; includeInIndex = 0; path = Matchismo.app; sourceTree = BUILT_PRODUCTS_DIR; };
		C17353F716B7235A0019919D /* UIKit.framework */ = {isa = PBXFileReference; lastKnownFileType = wrapper.framework; name = UIKit.framework; path = System/Library/Frameworks/UIKit.framework; sourceTree = SDKROOT; };
		C17353F916B7235A0019919D /* Foundation.framework */ = {isa = PBXFileReference; lastKnownFileType = wrapper.framework; name = Foundation.framework; path = System/Library/Frameworks/Foundation.framework; sourceTree = SDKROOT; };
		C17353FB16B7235A0019919D /* CoreGraphics.framework */ = {isa = PBXFileReference; lastKnownFileType = wrapper.framework; name = CoreGraphics.framework; path = System/Library/Frameworks/CoreGraphics.framework; sourceTree = SDKROOT; };
		C17353FF16B7235A0019919D /* Matchismo-Info.plist */ = {isa = PBXFileReference; lastKnownFileType = text.plist.xml; path = "Matchismo-Info.plist"; sourceTree = "<group>"; };
		C173540116B7235A0019919D /* en */ = {isa = PBXFileReference; lastKnownFileType = text.plist.strings; name = en; path = en.lproj/InfoPlist.strings; sourceTree = "<group>"; };
		C173540316B7235A0019919D /* main.m */ = {isa = PBXFileReference; lastKnownFileType = sourcecode.c.objc; path = main.m; sourceTree = "<group>"; };
		C173540516B7235A0019919D /* Matchismo-Prefix.pch */ = {isa = PBXFileReference; lastKnownFileType = sourcecode.c.h; path = "Matchismo-Prefix.pch"; sourceTree = "<group>"; };
		C173540616B7235A0019919D /* CardGameAppDelegate.h */ = {isa = PBXFileReference; lastKnownFileType = sourcecode.c.h; path = CardGameAppDelegate.h; sourceTree = "<group>"; };
		C173540716B7235A0019919D /* CardGameAppDelegate.m */ = {isa = PBXFileReference; lastKnownFileType = sourcecode.c.objc; path = CardGameAppDelegate.m; sourceTree = "<group>"; };
		C173540916B7235A0019919D /* Default.png */ = {isa = PBXFileReference; lastKnownFileType = image.png; path = Default.png; sourceTree = "<group>"; };
		C173540B16B7235A0019919D /* Default@2x.png */ = {isa = PBXFileReference; lastKnownFileType = image.png; path = "Default@2x.png"; sourceTree = "<group>"; };
		C173540D16B7235A0019919D /* Default-568h@2x.png */ = {isa = PBXFileReference; lastKnownFileType = image.png; path = "Default-568h@2x.png"; sourceTree = "<group>"; };
		C173541016B7235A0019919D /* en */ = {isa = PBXFileReference; lastKnownFileType = file.storyboard; name = en; path = en.lproj/MainStoryboard.storyboard; sourceTree = "<group>"; };
		C173541216B7235A0019919D /* CardGameViewController.h */ = {isa = PBXFileReference; lastKnownFileType = sourcecode.c.h; path = CardGameViewController.h; sourceTree = "<group>"; };
		C173541316B7235A0019919D /* CardGameViewController.m */ = {isa = PBXFileReference; lastKnownFileType = sourcecode.c.objc; path = CardGameViewController.m; sourceTree = "<group>"; };
		C173545416B7490F0019919D /* Card.h */ = {isa = PBXFileReference; fileEncoding = 4; lastKnownFileType = sourcecode.c.h; name = Card.h; path = Model/Card.h; sourceTree = "<group>"; };
		C173545516B7490F0019919D /* Card.m */ = {isa = PBXFileReference; fileEncoding = 4; lastKnownFileType = sourcecode.c.objc; name = Card.m; path = Model/Card.m; sourceTree = "<group>"; };
		C173545816B749F90019919D /* Deck.h */ = {isa = PBXFileReference; fileEncoding = 4; lastKnownFileType = sourcecode.c.h; name = Deck.h; path = Model/Deck.h; sourceTree = "<group>"; };
		C173545916B749F90019919D /* Deck.m */ = {isa = PBXFileReference; fileEncoding = 4; lastKnownFileType = sourcecode.c.objc; name = Deck.m; path = Model/Deck.m; sourceTree = "<group>"; };
		C173545D16B75AC80019919D /* PlayingCard.h */ = {isa = PBXFileReference; fileEncoding = 4; lastKnownFileType = sourcecode.c.h; name = PlayingCard.h; path = Model/PlayingCard.h; sourceTree = "<group>"; };
		C173545E16B75AC80019919D /* PlayingCard.m */ = {isa = PBXFileReference; fileEncoding = 4; lastKnownFileType = sourcecode.c.objc; name = PlayingCard.m; path = Model/PlayingCard.m; sourceTree = "<group>"; };
		C173546016B75B5A0019919D /* PlayingCardDeck.h */ = {isa = PBXFileReference; fileEncoding = 4; lastKnownFileType = sourcecode.c.h; name = PlayingCardDeck.h; path = Model/PlayingCardDeck.h; sourceTree = "<group>"; };
		C173546116B75B5A0019919D /* PlayingCardDeck.m */ = {isa = PBXFileReference; fileEncoding = 4; lastKnownFileType = sourcecode.c.objc; name = PlayingCardDeck.m; path = Model/PlayingCardDeck.m; sourceTree = "<group>"; };
		C1ECEB7C16BA162D00D1615A /* CardMatchingGame.h */ = {isa = PBXFileReference; fileEncoding = 4; lastKnownFileType = sourcecode.c.h; name = CardMatchingGame.h; path = Model/CardMatchingGame.h; sourceTree = "<group>"; };
		C1ECEB7D16BA162D00D1615A /* CardMatchingGame.m */ = {isa = PBXFileReference; fileEncoding = 4; lastKnownFileType = sourcecode.c.objc; name = CardMatchingGame.m; path = Model/CardMatchingGame.m; sourceTree = "<group>"; };
		C1ECEB8E16BB5D5200D1615A /* back-blue-75-2.png */ = {isa = PBXFileReference; lastKnownFileType = image.png; path = "back-blue-75-2.png"; sourceTree = "<group>"; };
		C1ECEB9116BB5D5200D1615A /* back-red-75-2.png */ = {isa = PBXFileReference; lastKnownFileType = image.png; path = "back-red-75-2.png"; sourceTree = "<group>"; };
		C1ECEB9916BC81D500D1615A /* MatchStatus.h */ = {isa = PBXFileReference; fileEncoding = 4; lastKnownFileType = sourcecode.c.h; name = MatchStatus.h; path = Model/MatchStatus.h; sourceTree = "<group>"; };
		C1ECEB9A16BC81D500D1615A /* MatchStatus.m */ = {isa = PBXFileReference; fileEncoding = 4; lastKnownFileType = sourcecode.c.objc; name = MatchStatus.m; path = Model/MatchStatus.m; sourceTree = "<group>"; };
/* End PBXFileReference section */

/* Begin PBXFrameworksBuildPhase section */
		C17353F016B7235A0019919D /* Frameworks */ = {
			isa = PBXFrameworksBuildPhase;
			buildActionMask = 2147483647;
			files = (
				C17353F816B7235A0019919D /* UIKit.framework in Frameworks */,
				C17353FA16B7235A0019919D /* Foundation.framework in Frameworks */,
				C17353FC16B7235A0019919D /* CoreGraphics.framework in Frameworks */,
			);
			runOnlyForDeploymentPostprocessing = 0;
		};
/* End PBXFrameworksBuildPhase section */

/* Begin PBXGroup section */
		C17353E816B7235A0019919D = {
			isa = PBXGroup;
			children = (
				C17353FD16B7235A0019919D /* Matchismo */,
				C17353F616B7235A0019919D /* Frameworks */,
				C17353F416B7235A0019919D /* Products */,
			);
			sourceTree = "<group>";
		};
		C17353F416B7235A0019919D /* Products */ = {
			isa = PBXGroup;
			children = (
				C17353F316B7235A0019919D /* Matchismo.app */,
			);
			name = Products;
			sourceTree = "<group>";
		};
		C17353F616B7235A0019919D /* Frameworks */ = {
			isa = PBXGroup;
			children = (
				C17353F716B7235A0019919D /* UIKit.framework */,
				C17353F916B7235A0019919D /* Foundation.framework */,
				C17353FB16B7235A0019919D /* CoreGraphics.framework */,
			);
			name = Frameworks;
			sourceTree = "<group>";
		};
		C17353FD16B7235A0019919D /* Matchismo */ = {
			isa = PBXGroup;
			children = (
				C173540F16B7235A0019919D /* MainStoryboard.storyboard */,
				C173541216B7235A0019919D /* CardGameViewController.h */,
				C173541316B7235A0019919D /* CardGameViewController.m */,
				C173545C16B74A480019919D /* Model */,
				C1ECEB8516BB213900D1615A /* Resources */,
				C17353FE16B7235A0019919D /* Supporting Files */,
			);
			path = Matchismo;
			sourceTree = "<group>";
		};
		C17353FE16B7235A0019919D /* Supporting Files */ = {
			isa = PBXGroup;
			children = (
				C173540616B7235A0019919D /* CardGameAppDelegate.h */,
				C173540716B7235A0019919D /* CardGameAppDelegate.m */,
				C17353FF16B7235A0019919D /* Matchismo-Info.plist */,
				C173540016B7235A0019919D /* InfoPlist.strings */,
				C173540316B7235A0019919D /* main.m */,
				C173540516B7235A0019919D /* Matchismo-Prefix.pch */,
				C173540916B7235A0019919D /* Default.png */,
				C173540B16B7235A0019919D /* Default@2x.png */,
				C173540D16B7235A0019919D /* Default-568h@2x.png */,
			);
			name = "Supporting Files";
			sourceTree = "<group>";
		};
		C173545C16B74A480019919D /* Model */ = {
			isa = PBXGroup;
			children = (
				C1ECEB9916BC81D500D1615A /* MatchStatus.h */,
				C1ECEB9A16BC81D500D1615A /* MatchStatus.m */,
				C1ECEB7C16BA162D00D1615A /* CardMatchingGame.h */,
				C1ECEB7D16BA162D00D1615A /* CardMatchingGame.m */,
				C173545416B7490F0019919D /* Card.h */,
				C173545516B7490F0019919D /* Card.m */,
				C173545816B749F90019919D /* Deck.h */,
				C173545916B749F90019919D /* Deck.m */,
				C173545D16B75AC80019919D /* PlayingCard.h */,
				C173545E16B75AC80019919D /* PlayingCard.m */,
				C173546016B75B5A0019919D /* PlayingCardDeck.h */,
				C173546116B75B5A0019919D /* PlayingCardDeck.m */,
			);
			name = Model;
			sourceTree = "<group>";
		};
		C1ECEB8516BB213900D1615A /* Resources */ = {
			isa = PBXGroup;
			children = (
				C1ECEB8616BB213900D1615A /* Images */,
			);
			path = Resources;
			sourceTree = "<group>";
		};
		C1ECEB8616BB213900D1615A /* Images */ = {
			isa = PBXGroup;
			children = (
				C1ECEB8E16BB5D5200D1615A /* back-blue-75-2.png */,
				C1ECEB9116BB5D5200D1615A /* back-red-75-2.png */,
			);
			path = Images;
			sourceTree = "<group>";
		};
/* End PBXGroup section */

/* Begin PBXNativeTarget section */
		C17353F216B7235A0019919D /* Matchismo */ = {
			isa = PBXNativeTarget;
			buildConfigurationList = C173541716B7235A0019919D /* Build configuration list for PBXNativeTarget "Matchismo" */;
			buildPhases = (
				C17353EF16B7235A0019919D /* Sources */,
				C17353F016B7235A0019919D /* Frameworks */,
				C17353F116B7235A0019919D /* Resources */,
			);
			buildRules = (
			);
			dependencies = (
			);
			name = Matchismo;
			productName = Matchismo;
			productReference = C17353F316B7235A0019919D /* Matchismo.app */;
			productType = "com.apple.product-type.application";
		};
/* End PBXNativeTarget section */

/* Begin PBXProject section */
		C17353EA16B7235A0019919D /* Project object */ = {
			isa = PBXProject;
			attributes = {
				CLASSPREFIX = CardGame;
				LastUpgradeCheck = 0450;
				ORGANIZATIONNAME = "Kevin Tong";
			};
			buildConfigurationList = C17353ED16B7235A0019919D /* Build configuration list for PBXProject "Matchismo" */;
			compatibilityVersion = "Xcode 3.2";
			developmentRegion = English;
			hasScannedForEncodings = 0;
			knownRegions = (
				en,
			);
			mainGroup = C17353E816B7235A0019919D;
			productRefGroup = C17353F416B7235A0019919D /* Products */;
			projectDirPath = "";
			projectRoot = "";
			targets = (
				C17353F216B7235A0019919D /* Matchismo */,
			);
		};
/* End PBXProject section */

/* Begin PBXResourcesBuildPhase section */
		C17353F116B7235A0019919D /* Resources */ = {
			isa = PBXResourcesBuildPhase;
			buildActionMask = 2147483647;
			files = (
				C173540216B7235A0019919D /* InfoPlist.strings in Resources */,
				C173540A16B7235A0019919D /* Default.png in Resources */,
				C173540C16B7235A0019919D /* Default@2x.png in Resources */,
				C173540E16B7235A0019919D /* Default-568h@2x.png in Resources */,
				C173541116B7235A0019919D /* MainStoryboard.storyboard in Resources */,
				C1ECEB9416BB5D5200D1615A /* back-blue-75-2.png in Resources */,
				C1ECEB9716BB5D5200D1615A /* back-red-75-2.png in Resources */,
			);
			runOnlyForDeploymentPostprocessing = 0;
		};
/* End PBXResourcesBuildPhase section */

/* Begin PBXSourcesBuildPhase section */
		C17353EF16B7235A0019919D /* Sources */ = {
			isa = PBXSourcesBuildPhase;
			buildActionMask = 2147483647;
			files = (
				C173540416B7235A0019919D /* main.m in Sources */,
				C173540816B7235A0019919D /* CardGameAppDelegate.m in Sources */,
				C173541416B7235A0019919D /* CardGameViewController.m in Sources */,
				C173545616B7490F0019919D /* Card.m in Sources */,
				C173545A16B749F90019919D /* Deck.m in Sources */,
				C173545F16B75AC80019919D /* PlayingCard.m in Sources */,
				C173546216B75B5A0019919D /* PlayingCardDeck.m in Sources */,
				C1ECEB7E16BA162D00D1615A /* CardMatchingGame.m in Sources */,
				C1ECEB9B16BC81D500D1615A /* MatchStatus.m in Sources */,
			);
			runOnlyForDeploymentPostprocessing = 0;
		};
/* End PBXSourcesBuildPhase section */

/* Begin PBXVariantGroup section */
		C173540016B7235A0019919D /* InfoPlist.strings */ = {
			isa = PBXVariantGroup;
			children = (
				C173540116B7235A0019919D /* en */,
			);
			name = InfoPlist.strings;
			sourceTree = "<group>";
		};
		C173540F16B7235A0019919D /* MainStoryboard.storyboard */ = {
			isa = PBXVariantGroup;
			children = (
				C173541016B7235A0019919D /* en */,
			);
			name = MainStoryboard.storyboard;
			sourceTree = "<group>";
		};
/* End PBXVariantGroup section */

/* Begin XCBuildConfiguration section */
		C173541516B7235A0019919D /* Debug */ = {
			isa = XCBuildConfiguration;
			buildSettings = {
				ALWAYS_SEARCH_USER_PATHS = NO;
				CLANG_CXX_LANGUAGE_STANDARD = "gnu++0x";
				CLANG_CXX_LIBRARY = "libc++";
				CLANG_ENABLE_OBJC_ARC = YES;
				CLANG_WARN_EMPTY_BODY = YES;
				CLANG_WARN__DUPLICATE_METHOD_MATCH = YES;
				"CODE_SIGN_IDENTITY[sdk=iphoneos*]" = "iPhone Developer";
				COPY_PHASE_STRIP = NO;
				GCC_C_LANGUAGE_STANDARD = gnu99;
				GCC_DYNAMIC_NO_PIC = NO;
				GCC_OPTIMIZATION_LEVEL = 0;
				GCC_PREPROCESSOR_DEFINITIONS = (
					"DEBUG=1",
					"$(inherited)",
				);
				GCC_SYMBOLS_PRIVATE_EXTERN = NO;
				GCC_WARN_ABOUT_RETURN_TYPE = YES;
				GCC_WARN_UNINITIALIZED_AUTOS = YES;
				GCC_WARN_UNUSED_VARIABLE = YES;
				IPHONEOS_DEPLOYMENT_TARGET = 6.0;
				ONLY_ACTIVE_ARCH = YES;
				SDKROOT = iphoneos;
			};
			name = Debug;
		};
		C173541616B7235A0019919D /* Release */ = {
			isa = XCBuildConfiguration;
			buildSettings = {
				ALWAYS_SEARCH_USER_PATHS = NO;
				CLANG_CXX_LANGUAGE_STANDARD = "gnu++0x";
				CLANG_CXX_LIBRARY = "libc++";
				CLANG_ENABLE_OBJC_ARC = YES;
				CLANG_WARN_EMPTY_BODY = YES;
				CLANG_WARN__DUPLICATE_METHOD_MATCH = YES;
				"CODE_SIGN_IDENTITY[sdk=iphoneos*]" = "iPhone Developer";
				COPY_PHASE_STRIP = YES;
				GCC_C_LANGUAGE_STANDARD = gnu99;
				GCC_WARN_ABOUT_RETURN_TYPE = YES;
				GCC_WARN_UNINITIALIZED_AUTOS = YES;
				GCC_WARN_UNUSED_VARIABLE = YES;
				IPHONEOS_DEPLOYMENT_TARGET = 6.0;
				OTHER_CFLAGS = "-DNS_BLOCK_ASSERTIONS=1";
				SDKROOT = iphoneos;
				VALIDATE_PRODUCT = YES;
			};
			name = Release;
		};
		C173541816B7235A0019919D /* Debug */ = {
			isa = XCBuildConfiguration;
			buildSettings = {
				GCC_PRECOMPILE_PREFIX_HEADER = YES;
				GCC_PREFIX_HEADER = "Matchismo/Matchismo-Prefix.pch";
				INFOPLIST_FILE = "Matchismo/Matchismo-Info.plist";
				IPHONEOS_DEPLOYMENT_TARGET = 6.1;
				PRODUCT_NAME = "$(TARGET_NAME)";
				WRAPPER_EXTENSION = app;
			};
			name = Debug;
		};
		C173541916B7235A0019919D /* Release */ = {
			isa = XCBuildConfiguration;
			buildSettings = {
				GCC_PRECOMPILE_PREFIX_HEADER = YES;
				GCC_PREFIX_HEADER = "Matchismo/Matchismo-Prefix.pch";
				INFOPLIST_FILE = "Matchismo/Matchismo-Info.plist";
				IPHONEOS_DEPLOYMENT_TARGET = 6.1;
				PRODUCT_NAME = "$(TARGET_NAME)";
				WRAPPER_EXTENSION = app;
			};
			name = Release;
		};
/* End XCBuildConfiguration section */

/* Begin XCConfigurationList section */
		C17353ED16B7235A0019919D /* Build configuration list for PBXProject "Matchismo" */ = {
			isa = XCConfigurationList;
			buildConfigurations = (
				C173541516B7235A0019919D /* Debug */,
				C173541616B7235A0019919D /* Release */,
			);
			defaultConfigurationIsVisible = 0;
			defaultConfigurationName = Release;
		};
		C173541716B7235A0019919D /* Build configuration list for PBXNativeTarget "Matchismo" */ = {
			isa = XCConfigurationList;
			buildConfigurations = (
				C173541816B7235A0019919D /* Debug */,
				C173541916B7235A0019919D /* Release */,
			);
			defaultConfigurationIsVisible = 0;
			defaultConfigurationName = Release;
		};
/* End XCConfigurationList section */
	};
	rootObject = C17353EA16B7235A0019919D /* Project object */;
}
